
Microsoft Visual Studio Solution File, Format Version 12.00
# Visual Studio Version 16
VisualStudioVersion = 16.0.31025.194
MinimumVisualStudioVersion = 10.0.40219.1
Project("{2150E333-8FDC-42A3-9474-1A3956D46DE8}") = "Server", "Server", "{D37BE8B2-F791-488B-939B-0926E92F1410}"
EndProject
Project("{2150E333-8FDC-42A3-9474-1A3956D46DE8}") = "Clients", "Clients", "{87484980-F264-472E-A7DE-20DF3A7E074D}"
EndProject
Project("{2150E333-8FDC-42A3-9474-1A3956D46DE8}") = "Common", "Common", "{9BC80640-27E0-4631-B7DC-03CB2FD21E77}"
EndProject
Project("{2150E333-8FDC-42A3-9474-1A3956D46DE8}") = "Web", "Web", "{767315FD-DB74-405D-8E56-6C65BA698644}"
EndProject
Project("{9A19103F-16F7-4668-BE54-9A1E7A4F7556}") = "Papers.Common.Contract", "Papers.Common\Papers.Common.Contract\Papers.Common.Contract.csproj", "{09E9880C-EEFD-432E-BDB0-000C96EB43CB}"
EndProject
Project("{9A19103F-16F7-4668-BE54-9A1E7A4F7556}") = "Papers.Api", "Papers.Server\Papers.Api\Papers.Api.csproj", "{BF1F12C8-8117-4D66-9B1E-4658A5771F7B}"
EndProject
Project("{9A19103F-16F7-4668-BE54-9A1E7A4F7556}") = "Papers.Domain", "Papers.Server\Papers.Domain\Papers.Domain.csproj", "{5E209DEC-7ADA-4EF4-A7A3-6CB05200D79E}"
EndProject
Project("{FAE04EC0-301F-11D3-BF4B-00C04F79EFBC}") = "Papers.Data.Contract", "Papers.Data.Contract\Papers.Data.Contract.csproj", "{FC85DE1F-2C50-4BCC-9577-9FF39683C32A}"
EndProject
Project("{2150E333-8FDC-42A3-9474-1A3956D46DE8}") = "Db", "Db", "{E48C6E7F-6392-4E37-AA21-EA5F841DA0EE}"
EndProject
Project("{FAE04EC0-301F-11D3-BF4B-00C04F79EFBC}") = "Papers.Data.MsSql", "Papers.Data.MsSql\Papers.Data.MsSql.csproj", "{48912889-0AEC-44B2-A7D1-4FC51460CAF4}"
EndProject
Global
	GlobalSection(SolutionConfigurationPlatforms) = preSolution
		Debug|Any CPU = Debug|Any CPU
		Release|Any CPU = Release|Any CPU
	EndGlobalSection
	GlobalSection(ProjectConfigurationPlatforms) = postSolution
		{09E9880C-EEFD-432E-BDB0-000C96EB43CB}.Debug|Any CPU.ActiveCfg = Debug|Any CPU
		{09E9880C-EEFD-432E-BDB0-000C96EB43CB}.Debug|Any CPU.Build.0 = Debug|Any CPU
		{09E9880C-EEFD-432E-BDB0-000C96EB43CB}.Release|Any CPU.ActiveCfg = Release|Any CPU
		{09E9880C-EEFD-432E-BDB0-000C96EB43CB}.Release|Any CPU.Build.0 = Release|Any CPU
		{BF1F12C8-8117-4D66-9B1E-4658A5771F7B}.Debug|Any CPU.ActiveCfg = Debug|Any CPU
		{BF1F12C8-8117-4D66-9B1E-4658A5771F7B}.Debug|Any CPU.Build.0 = Debug|Any CPU
		{BF1F12C8-8117-4D66-9B1E-4658A5771F7B}.Release|Any CPU.ActiveCfg = Release|Any CPU
		{BF1F12C8-8117-4D66-9B1E-4658A5771F7B}.Release|Any CPU.Build.0 = Release|Any CPU
		{5E209DEC-7ADA-4EF4-A7A3-6CB05200D79E}.Debug|Any CPU.ActiveCfg = Debug|Any CPU
		{5E209DEC-7ADA-4EF4-A7A3-6CB05200D79E}.Debug|Any CPU.Build.0 = Debug|Any CPU
		{5E209DEC-7ADA-4EF4-A7A3-6CB05200D79E}.Release|Any CPU.ActiveCfg = Release|Any CPU
		{5E209DEC-7ADA-4EF4-A7A3-6CB05200D79E}.Release|Any CPU.Build.0 = Release|Any CPU
		{FC85DE1F-2C50-4BCC-9577-9FF39683C32A}.Debug|Any CPU.ActiveCfg = Debug|Any CPU
		{FC85DE1F-2C50-4BCC-9577-9FF39683C32A}.Debug|Any CPU.Build.0 = Debug|Any CPU
		{FC85DE1F-2C50-4BCC-9577-9FF39683C32A}.Release|Any CPU.ActiveCfg = Release|Any CPU
		{FC85DE1F-2C50-4BCC-9577-9FF39683C32A}.Release|Any CPU.Build.0 = Release|Any CPU
		{48912889-0AEC-44B2-A7D1-4FC51460CAF4}.Debug|Any CPU.ActiveCfg = Debug|Any CPU
		{48912889-0AEC-44B2-A7D1-4FC51460CAF4}.Debug|Any CPU.Build.0 = Debug|Any CPU
		{48912889-0AEC-44B2-A7D1-4FC51460CAF4}.Release|Any CPU.ActiveCfg = Release|Any CPU
		{48912889-0AEC-44B2-A7D1-4FC51460CAF4}.Release|Any CPU.Build.0 = Release|Any CPU
	EndGlobalSection
	GlobalSection(SolutionProperties) = preSolution
		HideSolutionNode = FALSE
	EndGlobalSection
	GlobalSection(NestedProjects) = preSolution
		{767315FD-DB74-405D-8E56-6C65BA698644} = {87484980-F264-472E-A7DE-20DF3A7E074D}
		{09E9880C-EEFD-432E-BDB0-000C96EB43CB} = {9BC80640-27E0-4631-B7DC-03CB2FD21E77}
		{BF1F12C8-8117-4D66-9B1E-4658A5771F7B} = {D37BE8B2-F791-488B-939B-0926E92F1410}
		{5E209DEC-7ADA-4EF4-A7A3-6CB05200D79E} = {D37BE8B2-F791-488B-939B-0926E92F1410}
		{FC85DE1F-2C50-4BCC-9577-9FF39683C32A} = {E48C6E7F-6392-4E37-AA21-EA5F841DA0EE}
		{E48C6E7F-6392-4E37-AA21-EA5F841DA0EE} = {D37BE8B2-F791-488B-939B-0926E92F1410}
		{48912889-0AEC-44B2-A7D1-4FC51460CAF4} = {E48C6E7F-6392-4E37-AA21-EA5F841DA0EE}
	EndGlobalSection
	GlobalSection(ExtensibilityGlobals) = postSolution
		SolutionGuid = {6FA8212B-040B-407B-91E1-482A2B848805}
	EndGlobalSection
EndGlobal
